
Microsoft Visual Studio Solution File, Format Version 12.00
# Visual Studio Version 16
VisualStudioVersion = 16.0.30907.101
MinimumVisualStudioVersion = 10.0.40219.1
Project("{FAE04EC0-301F-11D3-BF4B-00C04F79EFBC}") = "40Fingers.DnnMassManipulate", "40Fingers.DnnMassManipulate.csproj", "{372A7AF3-DD49-485C-837C-D479D786FB19}"
EndProject
Global
	GlobalSection(SolutionConfigurationPlatforms) = preSolution
		Debug|Any CPU = Debug|Any CPU
		Release|Any CPU = Release|Any CPU
	EndGlobalSection
	GlobalSection(ProjectConfigurationPlatforms) = postSolution
		{372A7AF3-DD49-485C-837C-D479D786FB19}.Debug|Any CPU.ActiveCfg = Debug|Any CPU
		{372A7AF3-DD49-485C-837C-D479D786FB19}.Debug|Any CPU.Build.0 = Debug|Any CPU
		{372A7AF3-DD49-485C-837C-D479D786FB19}.Release|Any CPU.ActiveCfg = Release|Any CPU
		{372A7AF3-DD49-485C-837C-D479D786FB19}.Release|Any CPU.Build.0 = Release|Any CPU
	EndGlobalSection
	GlobalSection(SolutionProperties) = preSolution
		HideSolutionNode = FALSE
	EndGlobalSection
	GlobalSection(ExtensibilityGlobals) = postSolution
		SolutionGuid = {7C95696F-95DC-49E3-B51F-E5EB5B5AB8B2}
	EndGlobalSection
	GlobalSection(SubversionScc) = preSolution
		Manager = AnkhSVN - Subversion Support for Visual Studio
		Svn-Managed = True
	EndGlobalSection
EndGlobal
