
Microsoft Visual Studio Solution File, Format Version 12.00
# Visual Studio 2012
Project("{FAE04EC0-301F-11D3-BF4B-00C04F79EFBC}") = "40Fingers.DnnMassManipulate", "40Fingers.DnnMassManipulate.csproj", "{2E88F654-FA5C-446C-A3C4-F87576591252}"
EndProject
Global
	GlobalSection(SubversionScc) = preSolution
		Manager = AnkhSVN - Subversion Support for Visual Studio
		Svn-Managed = True
	EndGlobalSection
	GlobalSection(SolutionConfigurationPlatforms) = preSolution
		Debug|Any CPU = Debug|Any CPU
		Release|Any CPU = Release|Any CPU
	EndGlobalSection
	GlobalSection(ProjectConfigurationPlatforms) = postSolution
		{2E88F654-FA5C-446C-A3C4-F87576591252}.Debug|Any CPU.ActiveCfg = Debug|Any CPU
		{2E88F654-FA5C-446C-A3C4-F87576591252}.Debug|Any CPU.Build.0 = Debug|Any CPU
		{2E88F654-FA5C-446C-A3C4-F87576591252}.Release|Any CPU.ActiveCfg = Release|Any CPU
		{2E88F654-FA5C-446C-A3C4-F87576591252}.Release|Any CPU.Build.0 = Release|Any CPU
	EndGlobalSection
	GlobalSection(SolutionProperties) = preSolution
		HideSolutionNode = FALSE
	EndGlobalSection
EndGlobal
